
Microsoft Visual Studio Solution File, Format Version 12.00
# Visual Studio Version 16
VisualStudioVersion = 16.0.30517.126
MinimumVisualStudioVersion = 10.0.40219.1
Project("{8BC9CEB8-8B4A-11D0-8D11-00A0C91BC942}") = "Lab1", "Lab1\Lab1.vcxproj", "{0B983B7E-32A9-4C5D-9ACB-8311E2B18F87}"
EndProject
Project("{8BC9CEB8-8B4A-11D0-8D11-00A0C91BC942}") = "Lab3OpenMPI", "Lab3OpenMPI\Lab3OpenMPI.vcxproj", "{9FE8616C-EA73-44D2-ABDF-0AC75895E282}"
EndProject
Project("{8BC9CEB8-8B4A-11D0-8D11-00A0C91BC942}") = "Lab4", "Lab4\Lab4.vcxproj", "{38239DB1-8F91-412B-894D-157AB5EC4165}"
EndProject
Global
	GlobalSection(SolutionConfigurationPlatforms) = preSolution
		Debug|ARM = Debug|ARM
		Debug|ARM64 = Debug|ARM64
		Debug|x64 = Debug|x64
		Debug|x86 = Debug|x86
		Release|ARM = Release|ARM
		Release|ARM64 = Release|ARM64
		Release|x64 = Release|x64
		Release|x86 = Release|x86
		WSL|ARM = WSL|ARM
		WSL|ARM64 = WSL|ARM64
		WSL|x64 = WSL|x64
		WSL|x86 = WSL|x86
	EndGlobalSection
	GlobalSection(ProjectConfigurationPlatforms) = postSolution
		{0B983B7E-32A9-4C5D-9ACB-8311E2B18F87}.Debug|ARM.ActiveCfg = Debug|ARM
		{0B983B7E-32A9-4C5D-9ACB-8311E2B18F87}.Debug|ARM.Build.0 = Debug|ARM
		{0B983B7E-32A9-4C5D-9ACB-8311E2B18F87}.Debug|ARM.Deploy.0 = Debug|ARM
		{0B983B7E-32A9-4C5D-9ACB-8311E2B18F87}.Debug|ARM64.ActiveCfg = Debug|ARM64
		{0B983B7E-32A9-4C5D-9ACB-8311E2B18F87}.Debug|ARM64.Build.0 = Debug|ARM64
		{0B983B7E-32A9-4C5D-9ACB-8311E2B18F87}.Debug|ARM64.Deploy.0 = Debug|ARM64
		{0B983B7E-32A9-4C5D-9ACB-8311E2B18F87}.Debug|x64.ActiveCfg = Debug|x64
		{0B983B7E-32A9-4C5D-9ACB-8311E2B18F87}.Debug|x64.Build.0 = Debug|x64
		{0B983B7E-32A9-4C5D-9ACB-8311E2B18F87}.Debug|x64.Deploy.0 = Debug|x64
		{0B983B7E-32A9-4C5D-9ACB-8311E2B18F87}.Debug|x86.ActiveCfg = Debug|x86
		{0B983B7E-32A9-4C5D-9ACB-8311E2B18F87}.Debug|x86.Build.0 = Debug|x86
		{0B983B7E-32A9-4C5D-9ACB-8311E2B18F87}.Debug|x86.Deploy.0 = Debug|x86
		{0B983B7E-32A9-4C5D-9ACB-8311E2B18F87}.Release|ARM.ActiveCfg = Release|ARM
		{0B983B7E-32A9-4C5D-9ACB-8311E2B18F87}.Release|ARM.Build.0 = Release|ARM
		{0B983B7E-32A9-4C5D-9ACB-8311E2B18F87}.Release|ARM.Deploy.0 = Release|ARM
		{0B983B7E-32A9-4C5D-9ACB-8311E2B18F87}.Release|ARM64.ActiveCfg = Release|ARM64
		{0B983B7E-32A9-4C5D-9ACB-8311E2B18F87}.Release|ARM64.Build.0 = Release|ARM64
		{0B983B7E-32A9-4C5D-9ACB-8311E2B18F87}.Release|ARM64.Deploy.0 = Release|ARM64
		{0B983B7E-32A9-4C5D-9ACB-8311E2B18F87}.Release|x64.ActiveCfg = Release|x64
		{0B983B7E-32A9-4C5D-9ACB-8311E2B18F87}.Release|x64.Build.0 = Release|x64
		{0B983B7E-32A9-4C5D-9ACB-8311E2B18F87}.Release|x64.Deploy.0 = Release|x64
		{0B983B7E-32A9-4C5D-9ACB-8311E2B18F87}.Release|x86.ActiveCfg = Release|x86
		{0B983B7E-32A9-4C5D-9ACB-8311E2B18F87}.Release|x86.Build.0 = Release|x86
		{0B983B7E-32A9-4C5D-9ACB-8311E2B18F87}.Release|x86.Deploy.0 = Release|x86
		{0B983B7E-32A9-4C5D-9ACB-8311E2B18F87}.WSL|ARM.ActiveCfg = WSL|ARM
		{0B983B7E-32A9-4C5D-9ACB-8311E2B18F87}.WSL|ARM.Build.0 = WSL|ARM
		{0B983B7E-32A9-4C5D-9ACB-8311E2B18F87}.WSL|ARM.Deploy.0 = WSL|ARM
		{0B983B7E-32A9-4C5D-9ACB-8311E2B18F87}.WSL|ARM64.ActiveCfg = WSL|ARM64
		{0B983B7E-32A9-4C5D-9ACB-8311E2B18F87}.WSL|ARM64.Build.0 = WSL|ARM64
		{0B983B7E-32A9-4C5D-9ACB-8311E2B18F87}.WSL|ARM64.Deploy.0 = WSL|ARM64
		{0B983B7E-32A9-4C5D-9ACB-8311E2B18F87}.WSL|x64.ActiveCfg = WSL|x64
		{0B983B7E-32A9-4C5D-9ACB-8311E2B18F87}.WSL|x64.Build.0 = WSL|x64
		{0B983B7E-32A9-4C5D-9ACB-8311E2B18F87}.WSL|x64.Deploy.0 = WSL|x64
		{0B983B7E-32A9-4C5D-9ACB-8311E2B18F87}.WSL|x86.ActiveCfg = WSL|x86
		{0B983B7E-32A9-4C5D-9ACB-8311E2B18F87}.WSL|x86.Build.0 = WSL|x86
		{0B983B7E-32A9-4C5D-9ACB-8311E2B18F87}.WSL|x86.Deploy.0 = WSL|x86
		{9FE8616C-EA73-44D2-ABDF-0AC75895E282}.Debug|ARM.ActiveCfg = Debug|Win32
		{9FE8616C-EA73-44D2-ABDF-0AC75895E282}.Debug|ARM64.ActiveCfg = Debug|Win32
		{9FE8616C-EA73-44D2-ABDF-0AC75895E282}.Debug|x64.ActiveCfg = Debug|x64
		{9FE8616C-EA73-44D2-ABDF-0AC75895E282}.Debug|x64.Build.0 = Debug|x64
		{9FE8616C-EA73-44D2-ABDF-0AC75895E282}.Debug|x86.ActiveCfg = Debug|Win32
		{9FE8616C-EA73-44D2-ABDF-0AC75895E282}.Debug|x86.Build.0 = Debug|Win32
		{9FE8616C-EA73-44D2-ABDF-0AC75895E282}.Release|ARM.ActiveCfg = Release|Win32
		{9FE8616C-EA73-44D2-ABDF-0AC75895E282}.Release|ARM64.ActiveCfg = Release|Win32
		{9FE8616C-EA73-44D2-ABDF-0AC75895E282}.Release|x64.ActiveCfg = Release|x64
		{9FE8616C-EA73-44D2-ABDF-0AC75895E282}.Release|x64.Build.0 = Release|x64
		{9FE8616C-EA73-44D2-ABDF-0AC75895E282}.Release|x86.ActiveCfg = Release|Win32
		{9FE8616C-EA73-44D2-ABDF-0AC75895E282}.Release|x86.Build.0 = Release|Win32
		{9FE8616C-EA73-44D2-ABDF-0AC75895E282}.WSL|ARM.ActiveCfg = Debug|Win32
		{9FE8616C-EA73-44D2-ABDF-0AC75895E282}.WSL|ARM.Build.0 = Debug|Win32
		{9FE8616C-EA73-44D2-ABDF-0AC75895E282}.WSL|ARM64.ActiveCfg = Debug|Win32
		{9FE8616C-EA73-44D2-ABDF-0AC75895E282}.WSL|ARM64.Build.0 = Debug|Win32
		{9FE8616C-EA73-44D2-ABDF-0AC75895E282}.WSL|x64.ActiveCfg = Debug|x64
		{9FE8616C-EA73-44D2-ABDF-0AC75895E282}.WSL|x64.Build.0 = Debug|x64
		{9FE8616C-EA73-44D2-ABDF-0AC75895E282}.WSL|x86.ActiveCfg = Debug|Win32
		{9FE8616C-EA73-44D2-ABDF-0AC75895E282}.WSL|x86.Build.0 = Debug|Win32
		{38239DB1-8F91-412B-894D-157AB5EC4165}.Debug|ARM.ActiveCfg = Debug|ARM
		{38239DB1-8F91-412B-894D-157AB5EC4165}.Debug|ARM.Build.0 = Debug|ARM
		{38239DB1-8F91-412B-894D-157AB5EC4165}.Debug|ARM.Deploy.0 = Debug|ARM
		{38239DB1-8F91-412B-894D-157AB5EC4165}.Debug|ARM64.ActiveCfg = Debug|ARM64
		{38239DB1-8F91-412B-894D-157AB5EC4165}.Debug|ARM64.Build.0 = Debug|ARM64
		{38239DB1-8F91-412B-894D-157AB5EC4165}.Debug|ARM64.Deploy.0 = Debug|ARM64
		{38239DB1-8F91-412B-894D-157AB5EC4165}.Debug|x64.ActiveCfg = Debug|x64
		{38239DB1-8F91-412B-894D-157AB5EC4165}.Debug|x64.Build.0 = Debug|x64
		{38239DB1-8F91-412B-894D-157AB5EC4165}.Debug|x64.Deploy.0 = Debug|x64
		{38239DB1-8F91-412B-894D-157AB5EC4165}.Debug|x86.ActiveCfg = Debug|x86
		{38239DB1-8F91-412B-894D-157AB5EC4165}.Debug|x86.Build.0 = Debug|x86
		{38239DB1-8F91-412B-894D-157AB5EC4165}.Debug|x86.Deploy.0 = Debug|x86
		{38239DB1-8F91-412B-894D-157AB5EC4165}.Release|ARM.ActiveCfg = Release|ARM
		{38239DB1-8F91-412B-894D-157AB5EC4165}.Release|ARM.Build.0 = Release|ARM
		{38239DB1-8F91-412B-894D-157AB5EC4165}.Release|ARM.Deploy.0 = Release|ARM
		{38239DB1-8F91-412B-894D-157AB5EC4165}.Release|ARM64.ActiveCfg = Release|ARM64
		{38239DB1-8F91-412B-894D-157AB5EC4165}.Release|ARM64.Build.0 = Release|ARM64
		{38239DB1-8F91-412B-894D-157AB5EC4165}.Release|ARM64.Deploy.0 = Release|ARM64
		{38239DB1-8F91-412B-894D-157AB5EC4165}.Release|x64.ActiveCfg = Release|x64
		{38239DB1-8F91-412B-894D-157AB5EC4165}.Release|x64.Build.0 = Release|x64
		{38239DB1-8F91-412B-894D-157AB5EC4165}.Release|x64.Deploy.0 = Release|x64
		{38239DB1-8F91-412B-894D-157AB5EC4165}.Release|x86.ActiveCfg = Release|x86
		{38239DB1-8F91-412B-894D-157AB5EC4165}.Release|x86.Build.0 = Release|x86
		{38239DB1-8F91-412B-894D-157AB5EC4165}.Release|x86.Deploy.0 = Release|x86
		{38239DB1-8F91-412B-894D-157AB5EC4165}.WSL|ARM.ActiveCfg = WSL|ARM
		{38239DB1-8F91-412B-894D-157AB5EC4165}.WSL|ARM.Build.0 = WSL|ARM
		{38239DB1-8F91-412B-894D-157AB5EC4165}.WSL|ARM.Deploy.0 = WSL|ARM
		{38239DB1-8F91-412B-894D-157AB5EC4165}.WSL|ARM64.ActiveCfg = WSL|ARM64
		{38239DB1-8F91-412B-894D-157AB5EC4165}.WSL|ARM64.Build.0 = WSL|ARM64
		{38239DB1-8F91-412B-894D-157AB5EC4165}.WSL|ARM64.Deploy.0 = WSL|ARM64
		{38239DB1-8F91-412B-894D-157AB5EC4165}.WSL|x64.ActiveCfg = WSL|x64
		{38239DB1-8F91-412B-894D-157AB5EC4165}.WSL|x64.Build.0 = WSL|x64
		{38239DB1-8F91-412B-894D-157AB5EC4165}.WSL|x64.Deploy.0 = WSL|x64
		{38239DB1-8F91-412B-894D-157AB5EC4165}.WSL|x86.ActiveCfg = WSL|x86
		{38239DB1-8F91-412B-894D-157AB5EC4165}.WSL|x86.Build.0 = WSL|x86
		{38239DB1-8F91-412B-894D-157AB5EC4165}.WSL|x86.Deploy.0 = WSL|x86
	EndGlobalSection
	GlobalSection(SolutionProperties) = preSolution
		HideSolutionNode = FALSE
	EndGlobalSection
	GlobalSection(ExtensibilityGlobals) = postSolution
		SolutionGuid = {108CCD25-CAA6-4020-A7A2-45A22B97DBEC}
	EndGlobalSection
EndGlobal
